
Microsoft Visual Studio Solution File, Format Version 12.00
# Visual Studio 14
VisualStudioVersion = 14.0.25420.1
MinimumVisualStudioVersion = 10.0.40219.1
Project("{FAE04EC0-301F-11D3-BF4B-00C04F79EFBC}") = "GITlearning2", "GITlearning2\GITlearning2.csproj", "{7B8394F5-844F-4C52-BC9C-D919D43A41CF}"
EndProject
Global
	GlobalSection(SolutionConfigurationPlatforms) = preSolution
		Debug|Any CPU = Debug|Any CPU
		Release|Any CPU = Release|Any CPU
	EndGlobalSection
	GlobalSection(ProjectConfigurationPlatforms) = postSolution
		{7B8394F5-844F-4C52-BC9C-D919D43A41CF}.Debug|Any CPU.ActiveCfg = Debug|Any CPU
		{7B8394F5-844F-4C52-BC9C-D919D43A41CF}.Debug|Any CPU.Build.0 = Debug|Any CPU
		{7B8394F5-844F-4C52-BC9C-D919D43A41CF}.Release|Any CPU.ActiveCfg = Release|Any CPU
		{7B8394F5-844F-4C52-BC9C-D919D43A41CF}.Release|Any CPU.Build.0 = Release|Any CPU
	EndGlobalSection
	GlobalSection(SolutionProperties) = preSolution
		HideSolutionNode = FALSE
	EndGlobalSection
EndGlobal
